
Microsoft Visual Studio Solution File, Format Version 12.00
# Visual Studio Version 17
VisualStudioVersion = 17.5.33627.172
MinimumVisualStudioVersion = 10.0.40219.1
Project("{FAE04EC0-301F-11D3-BF4B-00C04F79EFBC}") = "ExamApp-byDuc", "ExamApp-byDuc\ExamApp-byDuc.csproj", "{47057D29-2B02-4401-8384-1C9B9578E86D}"
EndProject
Global
	GlobalSection(SolutionConfigurationPlatforms) = preSolution
		Debug|Any CPU = Debug|Any CPU
		Release|Any CPU = Release|Any CPU
	EndGlobalSection
	GlobalSection(ProjectConfigurationPlatforms) = postSolution
		{47057D29-2B02-4401-8384-1C9B9578E86D}.Debug|Any CPU.ActiveCfg = Debug|Any CPU
		{47057D29-2B02-4401-8384-1C9B9578E86D}.Debug|Any CPU.Build.0 = Debug|Any CPU
		{47057D29-2B02-4401-8384-1C9B9578E86D}.Release|Any CPU.ActiveCfg = Release|Any CPU
		{47057D29-2B02-4401-8384-1C9B9578E86D}.Release|Any CPU.Build.0 = Release|Any CPU
	EndGlobalSection
	GlobalSection(SolutionProperties) = preSolution
		HideSolutionNode = FALSE
	EndGlobalSection
	GlobalSection(ExtensibilityGlobals) = postSolution
		SolutionGuid = {FBE40DAE-E509-4DFE-AD0F-385308838899}
	EndGlobalSection
EndGlobal
